
Microsoft Visual Studio Solution File, Format Version 12.00
# Visual Studio Version 17
VisualStudioVersion = 17.9.34728.123
MinimumVisualStudioVersion = 10.0.40219.1
Project("{FAE04EC0-301F-11D3-BF4B-00C04F79EFBC}") = "XMLLoader", "XMLLoader\XMLLoader.csproj", "{5F7E8CAD-51A9-4CBB-B475-7833504898D3}"
EndProject
Global
	GlobalSection(SolutionConfigurationPlatforms) = preSolution
		Debug|Any CPU = Debug|Any CPU
		Release|Any CPU = Release|Any CPU
	EndGlobalSection
	GlobalSection(ProjectConfigurationPlatforms) = postSolution
		{5F7E8CAD-51A9-4CBB-B475-7833504898D3}.Debug|Any CPU.ActiveCfg = Debug|Any CPU
		{5F7E8CAD-51A9-4CBB-B475-7833504898D3}.Debug|Any CPU.Build.0 = Debug|Any CPU
		{5F7E8CAD-51A9-4CBB-B475-7833504898D3}.Release|Any CPU.ActiveCfg = Release|Any CPU
		{5F7E8CAD-51A9-4CBB-B475-7833504898D3}.Release|Any CPU.Build.0 = Release|Any CPU
	EndGlobalSection
	GlobalSection(SolutionProperties) = preSolution
		HideSolutionNode = FALSE
	EndGlobalSection
	GlobalSection(ExtensibilityGlobals) = postSolution
		SolutionGuid = {2BE5DF0B-E21C-41C6-B306-271C805CB6D6}
	EndGlobalSection
EndGlobal
